// !$*UTF8*$!
{
	archiveVersion = 1;
	classes = {
	};
	objectVersion = 46;
	objects = {

/* Begin PBXBuildFile section */
		8EE8FBDD966F777FA5DA6AA9 /* Pods_testRXLogin.framework in Frameworks */ = {isa = PBXBuildFile; fileRef = B861ECA4B0DE0CE0942D8B3F /* Pods_testRXLogin.framework */; };
		DB0F4F111E79408900F1D1A5 /* DMTableViewController2.swift in Sources */ = {isa = PBXBuildFile; fileRef = DB0F4F101E79408900F1D1A5 /* DMTableViewController2.swift */; };
		DB0F4F131E79409E00F1D1A5 /* DMTableViewController2.storyboard in Resources */ = {isa = PBXBuildFile; fileRef = DB0F4F121E79409E00F1D1A5 /* DMTableViewController2.storyboard */; };
		DB0F4F151E79433B00F1D1A5 /* TableViewSectionedDataSource.swift in Sources */ = {isa = PBXBuildFile; fileRef = DB0F4F141E79433B00F1D1A5 /* TableViewSectionedDataSource.swift */; };
		DB0F4F181E79435800F1D1A5 /* RxTableViewSectionedAnimatedDataSource.swift in Sources */ = {isa = PBXBuildFile; fileRef = DB0F4F161E79435800F1D1A5 /* RxTableViewSectionedAnimatedDataSource.swift */; };
		DB0F4F191E79435800F1D1A5 /* RxTableViewSectionedReloadDataSource.swift in Sources */ = {isa = PBXBuildFile; fileRef = DB0F4F171E79435800F1D1A5 /* RxTableViewSectionedReloadDataSource.swift */; };
		DB0F4F1B1E79438200F1D1A5 /* SectionModelType.swift in Sources */ = {isa = PBXBuildFile; fileRef = DB0F4F1A1E79438200F1D1A5 /* SectionModelType.swift */; };
		DB0F4F1D1E79439000F1D1A5 /* SectionModel.swift in Sources */ = {isa = PBXBuildFile; fileRef = DB0F4F1C1E79439000F1D1A5 /* SectionModel.swift */; };
		DB0F4F1F1E7943F900F1D1A5 /* Array+Extensions.swift in Sources */ = {isa = PBXBuildFile; fileRef = DB0F4F1E1E7943F900F1D1A5 /* Array+Extensions.swift */; };
		DB0F4F211E79441B00F1D1A5 /* AnimatableSectionModelType.swift in Sources */ = {isa = PBXBuildFile; fileRef = DB0F4F201E79441B00F1D1A5 /* AnimatableSectionModelType.swift */; };
		DB0F4F231E79443D00F1D1A5 /* IdentifiableType.swift in Sources */ = {isa = PBXBuildFile; fileRef = DB0F4F221E79443D00F1D1A5 /* IdentifiableType.swift */; };
		DB0F4F251E79448C00F1D1A5 /* AnimatableSectionModelType+ItemPath.swift in Sources */ = {isa = PBXBuildFile; fileRef = DB0F4F241E79448C00F1D1A5 /* AnimatableSectionModelType+ItemPath.swift */; };
		DB0F4F271E79449700F1D1A5 /* AnimatableSectionModel.swift in Sources */ = {isa = PBXBuildFile; fileRef = DB0F4F261E79449700F1D1A5 /* AnimatableSectionModel.swift */; };
		DB0F4F291E7944A800F1D1A5 /* ItemPath.swift in Sources */ = {isa = PBXBuildFile; fileRef = DB0F4F281E7944A800F1D1A5 /* ItemPath.swift */; };
		DB0F4F2B1E7944E500F1D1A5 /* AnimationConfiguration.swift in Sources */ = {isa = PBXBuildFile; fileRef = DB0F4F2A1E7944E500F1D1A5 /* AnimationConfiguration.swift */; };
		DB0F4F2D1E79452300F1D1A5 /* Differentiator.swift in Sources */ = {isa = PBXBuildFile; fileRef = DB0F4F2C1E79452300F1D1A5 /* Differentiator.swift */; };
		DB0F4F2F1E79453A00F1D1A5 /* DataSources.swift in Sources */ = {isa = PBXBuildFile; fileRef = DB0F4F2E1E79453A00F1D1A5 /* DataSources.swift */; };
		DB0F4F311E79455500F1D1A5 /* Changeset.swift in Sources */ = {isa = PBXBuildFile; fileRef = DB0F4F301E79455500F1D1A5 /* Changeset.swift */; };
		DB0F4F331E79457600F1D1A5 /* UI+SectionedViewType.swift in Sources */ = {isa = PBXBuildFile; fileRef = DB0F4F321E79457600F1D1A5 /* UI+SectionedViewType.swift */; };
		DB0F4F351E7945B000F1D1A5 /* Optional+Extensions.swift in Sources */ = {isa = PBXBuildFile; fileRef = DB0F4F341E7945B000F1D1A5 /* Optional+Extensions.swift */; };
		DB0F4F481E8263A200F1D1A5 /* DMTableViewController3.swift in Sources */ = {isa = PBXBuildFile; fileRef = DB0F4F471E8263A200F1D1A5 /* DMTableViewController3.swift */; };
		DB0F4F4A1E8263B400F1D1A5 /* DMTableViewController3.storyboard in Resources */ = {isa = PBXBuildFile; fileRef = DB0F4F491E8263B400F1D1A5 /* DMTableViewController3.storyboard */; };
		DB278C2A1E827D7A00326881 /* DMViewModel3.swift in Sources */ = {isa = PBXBuildFile; fileRef = DB278C291E827D7A00326881 /* DMViewModel3.swift */; };
		DB278C2C1E827DA900326881 /* DMService3.swift in Sources */ = {isa = PBXBuildFile; fileRef = DB278C2B1E827DA900326881 /* DMService3.swift */; };
		DB278C2F1E8287A700326881 /* DMTableViewCell3.swift in Sources */ = {isa = PBXBuildFile; fileRef = DB278C2D1E8287A700326881 /* DMTableViewCell3.swift */; };
		DB278C301E8287A700326881 /* DMTableViewCell3.xib in Resources */ = {isa = PBXBuildFile; fileRef = DB278C2E1E8287A700326881 /* DMTableViewCell3.xib */; };
		DB64E3101E766FA30007368E /* DMDeployProvider.swift in Sources */ = {isa = PBXBuildFile; fileRef = DB64E30F1E766FA30007368E /* DMDeployProvider.swift */; };
		DB64E3121E7672190007368E /* DMMoyaHttpErrorHandlePlugin.swift in Sources */ = {isa = PBXBuildFile; fileRef = DB64E3111E7672190007368E /* DMMoyaHttpErrorHandlePlugin.swift */; };
		DB64E3141E7677650007368E /* DMCache.swift in Sources */ = {isa = PBXBuildFile; fileRef = DB64E3131E7677650007368E /* DMCache.swift */; };
		DB8CA9781E6E9053005DE3C1 /* AppDelegate.swift in Sources */ = {isa = PBXBuildFile; fileRef = DB8CA9771E6E9053005DE3C1 /* AppDelegate.swift */; };
		DB8CA97A1E6E9053005DE3C1 /* ViewController.swift in Sources */ = {isa = PBXBuildFile; fileRef = DB8CA9791E6E9053005DE3C1 /* ViewController.swift */; };
		DB8CA97D1E6E9053005DE3C1 /* Main.storyboard in Resources */ = {isa = PBXBuildFile; fileRef = DB8CA97B1E6E9053005DE3C1 /* Main.storyboard */; };
		DB8CA97F1E6E9053005DE3C1 /* Assets.xcassets in Resources */ = {isa = PBXBuildFile; fileRef = DB8CA97E1E6E9053005DE3C1 /* Assets.xcassets */; };
		DB8CA9821E6E9053005DE3C1 /* LaunchScreen.storyboard in Resources */ = {isa = PBXBuildFile; fileRef = DB8CA9801E6E9053005DE3C1 /* LaunchScreen.storyboard */; };
		DB8CA98E1E6EA5D3005DE3C1 /* DMLoginViewController.swift in Sources */ = {isa = PBXBuildFile; fileRef = DB8CA98D1E6EA5D3005DE3C1 /* DMLoginViewController.swift */; };
		DB8CA9901E6EA5EE005DE3C1 /* DMLoginViewController.storyboard in Resources */ = {isa = PBXBuildFile; fileRef = DB8CA98F1E6EA5EE005DE3C1 /* DMLoginViewController.storyboard */; };
		DB8CA9921E6EAADA005DE3C1 /* DMLoginViewModel.swift in Sources */ = {isa = PBXBuildFile; fileRef = DB8CA9911E6EAADA005DE3C1 /* DMLoginViewModel.swift */; };
		DB8CA9941E6EAB4B005DE3C1 /* DMLoginService.swift in Sources */ = {isa = PBXBuildFile; fileRef = DB8CA9931E6EAB4B005DE3C1 /* DMLoginService.swift */; };
		DB8CA9961E6EAB66005DE3C1 /* DMLoginResult.swift in Sources */ = {isa = PBXBuildFile; fileRef = DB8CA9951E6EAB66005DE3C1 /* DMLoginResult.swift */; };
		DB8CA9981E6EAF8E005DE3C1 /* DMLoginProtocols.swift in Sources */ = {isa = PBXBuildFile; fileRef = DB8CA9971E6EAF8E005DE3C1 /* DMLoginProtocols.swift */; };
		DB8CA99A1E6FD96A005DE3C1 /* DMLoginHttp.swift in Sources */ = {isa = PBXBuildFile; fileRef = DB8CA9991E6FD96A005DE3C1 /* DMLoginHttp.swift */; };
		DB8CA9A31E6FEDA4005DE3C1 /* DMUser.swift in Sources */ = {isa = PBXBuildFile; fileRef = DB8CA9A21E6FEDA4005DE3C1 /* DMUser.swift */; };
		DBD7B5651E88ED67009140A0 /* DMImagePickerViewController.swift in Sources */ = {isa = PBXBuildFile; fileRef = DBD7B5641E88ED67009140A0 /* DMImagePickerViewController.swift */; };
		DBD7B5671E88ED76009140A0 /* DMImagePickerViewController.storyboard in Resources */ = {isa = PBXBuildFile; fileRef = DBD7B5661E88ED76009140A0 /* DMImagePickerViewController.storyboard */; };
		DBD7B5691E88F35D009140A0 /* UIImagePickerController+RxCreate.swift in Sources */ = {isa = PBXBuildFile; fileRef = DBD7B5681E88F35D009140A0 /* UIImagePickerController+RxCreate.swift */; };
		DBD7B56C1E88F385009140A0 /* RxImagePickerDelegateProxy.swift in Sources */ = {isa = PBXBuildFile; fileRef = DBD7B56A1E88F385009140A0 /* RxImagePickerDelegateProxy.swift */; };
		DBD7B56D1E88F385009140A0 /* UIImagePickerController+Rx.swift in Sources */ = {isa = PBXBuildFile; fileRef = DBD7B56B1E88F385009140A0 /* UIImagePickerController+Rx.swift */; };
		DBFD30DC1E724CA80042F28A /* DMTableViewController.swift in Sources */ = {isa = PBXBuildFile; fileRef = DBFD30DB1E724CA80042F28A /* DMTableViewController.swift */; };
		DBFD30DE1E724CB00042F28A /* DMTableViewController.storyboard in Resources */ = {isa = PBXBuildFile; fileRef = DBFD30DD1E724CB00042F28A /* DMTableViewController.storyboard */; };
		DBFD30E31E7284B70042F28A /* DMLocationViewController.swift in Sources */ = {isa = PBXBuildFile; fileRef = DBFD30E21E7284B70042F28A /* DMLocationViewController.swift */; };
		DBFD30E51E7284C60042F28A /* DMLocationViewController.storyboard in Resources */ = {isa = PBXBuildFile; fileRef = DBFD30E41E7284C60042F28A /* DMLocationViewController.storyboard */; };
		DBFD30E71E7285450042F28A /* DMLocationService.swift in Sources */ = {isa = PBXBuildFile; fileRef = DBFD30E61E7285450042F28A /* DMLocationService.swift */; };
		DBFD30E91E7285C00042F28A /* CoreLocation.framework in Frameworks */ = {isa = PBXBuildFile; fileRef = DBFD30E81E7285C00042F28A /* CoreLocation.framework */; };
		DBFD30EE1E728A050042F28A /* CLLocationManager+Rx.swift in Sources */ = {isa = PBXBuildFile; fileRef = DBFD30EC1E728A050042F28A /* CLLocationManager+Rx.swift */; };
		DBFD30EF1E728A050042F28A /* RxCLLocationManagerDelegateProxy.swift in Sources */ = {isa = PBXBuildFile; fileRef = DBFD30ED1E728A050042F28A /* RxCLLocationManagerDelegateProxy.swift */; };
		DBFD30F11E72B2590042F28A /* DMAlert.swift in Sources */ = {isa = PBXBuildFile; fileRef = DBFD30F01E72B2590042F28A /* DMAlert.swift */; };
/* End PBXBuildFile section */

/* Begin PBXFileReference section */
		2373319AF66B37107E5976B6 /* Pods-testRXLogin.release.xcconfig */ = {isa = PBXFileReference; includeInIndex = 1; lastKnownFileType = text.xcconfig; name = "Pods-testRXLogin.release.xcconfig"; path = "Pods/Target Support Files/Pods-testRXLogin/Pods-testRXLogin.release.xcconfig"; sourceTree = "<group>"; };
		53127C1546A3DA26A97E75EF /* Pods-testRXLogin.debug.xcconfig */ = {isa = PBXFileReference; includeInIndex = 1; lastKnownFileType = text.xcconfig; name = "Pods-testRXLogin.debug.xcconfig"; path = "Pods/Target Support Files/Pods-testRXLogin/Pods-testRXLogin.debug.xcconfig"; sourceTree = "<group>"; };
		B861ECA4B0DE0CE0942D8B3F /* Pods_testRXLogin.framework */ = {isa = PBXFileReference; explicitFileType = wrapper.framework; includeInIndex = 0; path = Pods_testRXLogin.framework; sourceTree = BUILT_PRODUCTS_DIR; };
		DB0F4F101E79408900F1D1A5 /* DMTableViewController2.swift */ = {isa = PBXFileReference; fileEncoding = 4; lastKnownFileType = sourcecode.swift; path = DMTableViewController2.swift; sourceTree = "<group>"; };
		DB0F4F121E79409E00F1D1A5 /* DMTableViewController2.storyboard */ = {isa = PBXFileReference; fileEncoding = 4; lastKnownFileType = file.storyboard; path = DMTableViewController2.storyboard; sourceTree = "<group>"; };
		DB0F4F141E79433B00F1D1A5 /* TableViewSectionedDataSource.swift */ = {isa = PBXFileReference; fileEncoding = 4; lastKnownFileType = sourcecode.swift; path = TableViewSectionedDataSource.swift; sourceTree = "<group>"; };
		DB0F4F161E79435800F1D1A5 /* RxTableViewSectionedAnimatedDataSource.swift */ = {isa = PBXFileReference; fileEncoding = 4; lastKnownFileType = sourcecode.swift; path = RxTableViewSectionedAnimatedDataSource.swift; sourceTree = "<group>"; };
		DB0F4F171E79435800F1D1A5 /* RxTableViewSectionedReloadDataSource.swift */ = {isa = PBXFileReference; fileEncoding = 4; lastKnownFileType = sourcecode.swift; path = RxTableViewSectionedReloadDataSource.swift; sourceTree = "<group>"; };
		DB0F4F1A1E79438200F1D1A5 /* SectionModelType.swift */ = {isa = PBXFileReference; fileEncoding = 4; lastKnownFileType = sourcecode.swift; path = SectionModelType.swift; sourceTree = "<group>"; };
		DB0F4F1C1E79439000F1D1A5 /* SectionModel.swift */ = {isa = PBXFileReference; fileEncoding = 4; lastKnownFileType = sourcecode.swift; path = SectionModel.swift; sourceTree = "<group>"; };
		DB0F4F1E1E7943F900F1D1A5 /* Array+Extensions.swift */ = {isa = PBXFileReference; fileEncoding = 4; lastKnownFileType = sourcecode.swift; path = "Array+Extensions.swift"; sourceTree = "<group>"; };
		DB0F4F201E79441B00F1D1A5 /* AnimatableSectionModelType.swift */ = {isa = PBXFileReference; fileEncoding = 4; lastKnownFileType = sourcecode.swift; path = AnimatableSectionModelType.swift; sourceTree = "<group>"; };
		DB0F4F221E79443D00F1D1A5 /* IdentifiableType.swift */ = {isa = PBXFileReference; fileEncoding = 4; lastKnownFileType = sourcecode.swift; path = IdentifiableType.swift; sourceTree = "<group>"; };
		DB0F4F241E79448C00F1D1A5 /* AnimatableSectionModelType+ItemPath.swift */ = {isa = PBXFileReference; fileEncoding = 4; lastKnownFileType = sourcecode.swift; path = "AnimatableSectionModelType+ItemPath.swift"; sourceTree = "<group>"; };
		DB0F4F261E79449700F1D1A5 /* AnimatableSectionModel.swift */ = {isa = PBXFileReference; fileEncoding = 4; lastKnownFileType = sourcecode.swift; path = AnimatableSectionModel.swift; sourceTree = "<group>"; };
		DB0F4F281E7944A800F1D1A5 /* ItemPath.swift */ = {isa = PBXFileReference; fileEncoding = 4; lastKnownFileType = sourcecode.swift; path = ItemPath.swift; sourceTree = "<group>"; };
		DB0F4F2A1E7944E500F1D1A5 /* AnimationConfiguration.swift */ = {isa = PBXFileReference; fileEncoding = 4; lastKnownFileType = sourcecode.swift; path = AnimationConfiguration.swift; sourceTree = "<group>"; };
		DB0F4F2C1E79452300F1D1A5 /* Differentiator.swift */ = {isa = PBXFileReference; fileEncoding = 4; lastKnownFileType = sourcecode.swift; path = Differentiator.swift; sourceTree = "<group>"; };
		DB0F4F2E1E79453A00F1D1A5 /* DataSources.swift */ = {isa = PBXFileReference; fileEncoding = 4; lastKnownFileType = sourcecode.swift; path = DataSources.swift; sourceTree = "<group>"; };
		DB0F4F301E79455500F1D1A5 /* Changeset.swift */ = {isa = PBXFileReference; fileEncoding = 4; lastKnownFileType = sourcecode.swift; path = Changeset.swift; sourceTree = "<group>"; };
		DB0F4F321E79457600F1D1A5 /* UI+SectionedViewType.swift */ = {isa = PBXFileReference; fileEncoding = 4; lastKnownFileType = sourcecode.swift; path = "UI+SectionedViewType.swift"; sourceTree = "<group>"; };
		DB0F4F341E7945B000F1D1A5 /* Optional+Extensions.swift */ = {isa = PBXFileReference; fileEncoding = 4; lastKnownFileType = sourcecode.swift; path = "Optional+Extensions.swift"; sourceTree = "<group>"; };
		DB0F4F471E8263A200F1D1A5 /* DMTableViewController3.swift */ = {isa = PBXFileReference; fileEncoding = 4; lastKnownFileType = sourcecode.swift; path = DMTableViewController3.swift; sourceTree = "<group>"; };
		DB0F4F491E8263B400F1D1A5 /* DMTableViewController3.storyboard */ = {isa = PBXFileReference; fileEncoding = 4; lastKnownFileType = file.storyboard; path = DMTableViewController3.storyboard; sourceTree = "<group>"; };
		DB278C291E827D7A00326881 /* DMViewModel3.swift */ = {isa = PBXFileReference; fileEncoding = 4; lastKnownFileType = sourcecode.swift; path = DMViewModel3.swift; sourceTree = "<group>"; };
		DB278C2B1E827DA900326881 /* DMService3.swift */ = {isa = PBXFileReference; fileEncoding = 4; lastKnownFileType = sourcecode.swift; path = DMService3.swift; sourceTree = "<group>"; };
		DB278C2D1E8287A700326881 /* DMTableViewCell3.swift */ = {isa = PBXFileReference; fileEncoding = 4; lastKnownFileType = sourcecode.swift; path = DMTableViewCell3.swift; sourceTree = "<group>"; };
		DB278C2E1E8287A700326881 /* DMTableViewCell3.xib */ = {isa = PBXFileReference; fileEncoding = 4; lastKnownFileType = file.xib; path = DMTableViewCell3.xib; sourceTree = "<group>"; };
		DB64E30F1E766FA30007368E /* DMDeployProvider.swift */ = {isa = PBXFileReference; fileEncoding = 4; lastKnownFileType = sourcecode.swift; path = DMDeployProvider.swift; sourceTree = "<group>"; };
		DB64E3111E7672190007368E /* DMMoyaHttpErrorHandlePlugin.swift */ = {isa = PBXFileReference; fileEncoding = 4; lastKnownFileType = sourcecode.swift; path = DMMoyaHttpErrorHandlePlugin.swift; sourceTree = "<group>"; };
		DB64E3131E7677650007368E /* DMCache.swift */ = {isa = PBXFileReference; fileEncoding = 4; lastKnownFileType = sourcecode.swift; path = DMCache.swift; sourceTree = "<group>"; };
		DB8CA9741E6E9053005DE3C1 /* testRXLogin.app */ = {isa = PBXFileReference; explicitFileType = wrapper.application; includeInIndex = 0; path = testRXLogin.app; sourceTree = BUILT_PRODUCTS_DIR; };
		DB8CA9771E6E9053005DE3C1 /* AppDelegate.swift */ = {isa = PBXFileReference; lastKnownFileType = sourcecode.swift; path = AppDelegate.swift; sourceTree = "<group>"; };
		DB8CA9791E6E9053005DE3C1 /* ViewController.swift */ = {isa = PBXFileReference; lastKnownFileType = sourcecode.swift; path = ViewController.swift; sourceTree = "<group>"; };
		DB8CA97C1E6E9053005DE3C1 /* Base */ = {isa = PBXFileReference; lastKnownFileType = file.storyboard; name = Base; path = Base.lproj/Main.storyboard; sourceTree = "<group>"; };
		DB8CA97E1E6E9053005DE3C1 /* Assets.xcassets */ = {isa = PBXFileReference; lastKnownFileType = folder.assetcatalog; path = Assets.xcassets; sourceTree = "<group>"; };
		DB8CA9811E6E9053005DE3C1 /* Base */ = {isa = PBXFileReference; lastKnownFileType = file.storyboard; name = Base; path = Base.lproj/LaunchScreen.storyboard; sourceTree = "<group>"; };
		DB8CA9831E6E9053005DE3C1 /* Info.plist */ = {isa = PBXFileReference; lastKnownFileType = text.plist.xml; path = Info.plist; sourceTree = "<group>"; };
		DB8CA98D1E6EA5D3005DE3C1 /* DMLoginViewController.swift */ = {isa = PBXFileReference; fileEncoding = 4; lastKnownFileType = sourcecode.swift; path = DMLoginViewController.swift; sourceTree = "<group>"; };
		DB8CA98F1E6EA5EE005DE3C1 /* DMLoginViewController.storyboard */ = {isa = PBXFileReference; fileEncoding = 4; lastKnownFileType = file.storyboard; path = DMLoginViewController.storyboard; sourceTree = "<group>"; };
		DB8CA9911E6EAADA005DE3C1 /* DMLoginViewModel.swift */ = {isa = PBXFileReference; fileEncoding = 4; lastKnownFileType = sourcecode.swift; path = DMLoginViewModel.swift; sourceTree = "<group>"; };
		DB8CA9931E6EAB4B005DE3C1 /* DMLoginService.swift */ = {isa = PBXFileReference; fileEncoding = 4; lastKnownFileType = sourcecode.swift; path = DMLoginService.swift; sourceTree = "<group>"; };
		DB8CA9951E6EAB66005DE3C1 /* DMLoginResult.swift */ = {isa = PBXFileReference; fileEncoding = 4; lastKnownFileType = sourcecode.swift; path = DMLoginResult.swift; sourceTree = "<group>"; };
		DB8CA9971E6EAF8E005DE3C1 /* DMLoginProtocols.swift */ = {isa = PBXFileReference; fileEncoding = 4; lastKnownFileType = sourcecode.swift; path = DMLoginProtocols.swift; sourceTree = "<group>"; };
		DB8CA9991E6FD96A005DE3C1 /* DMLoginHttp.swift */ = {isa = PBXFileReference; fileEncoding = 4; lastKnownFileType = sourcecode.swift; path = DMLoginHttp.swift; sourceTree = "<group>"; };
		DB8CA9A21E6FEDA4005DE3C1 /* DMUser.swift */ = {isa = PBXFileReference; fileEncoding = 4; lastKnownFileType = sourcecode.swift; path = DMUser.swift; sourceTree = "<group>"; };
		DBD7B5641E88ED67009140A0 /* DMImagePickerViewController.swift */ = {isa = PBXFileReference; fileEncoding = 4; lastKnownFileType = sourcecode.swift; path = DMImagePickerViewController.swift; sourceTree = "<group>"; };
		DBD7B5661E88ED76009140A0 /* DMImagePickerViewController.storyboard */ = {isa = PBXFileReference; fileEncoding = 4; lastKnownFileType = file.storyboard; path = DMImagePickerViewController.storyboard; sourceTree = "<group>"; };
		DBD7B5681E88F35D009140A0 /* UIImagePickerController+RxCreate.swift */ = {isa = PBXFileReference; fileEncoding = 4; lastKnownFileType = sourcecode.swift; path = "UIImagePickerController+RxCreate.swift"; sourceTree = "<group>"; };
		DBD7B56A1E88F385009140A0 /* RxImagePickerDelegateProxy.swift */ = {isa = PBXFileReference; fileEncoding = 4; lastKnownFileType = sourcecode.swift; path = RxImagePickerDelegateProxy.swift; sourceTree = "<group>"; };
		DBD7B56B1E88F385009140A0 /* UIImagePickerController+Rx.swift */ = {isa = PBXFileReference; fileEncoding = 4; lastKnownFileType = sourcecode.swift; path = "UIImagePickerController+Rx.swift"; sourceTree = "<group>"; };
		DBFD30DB1E724CA80042F28A /* DMTableViewController.swift */ = {isa = PBXFileReference; fileEncoding = 4; lastKnownFileType = sourcecode.swift; path = DMTableViewController.swift; sourceTree = "<group>"; };
		DBFD30DD1E724CB00042F28A /* DMTableViewController.storyboard */ = {isa = PBXFileReference; fileEncoding = 4; lastKnownFileType = file.storyboard; path = DMTableViewController.storyboard; sourceTree = "<group>"; };
		DBFD30E21E7284B70042F28A /* DMLocationViewController.swift */ = {isa = PBXFileReference; fileEncoding = 4; lastKnownFileType = sourcecode.swift; path = DMLocationViewController.swift; sourceTree = "<group>"; };
		DBFD30E41E7284C60042F28A /* DMLocationViewController.storyboard */ = {isa = PBXFileReference; fileEncoding = 4; lastKnownFileType = file.storyboard; path = DMLocationViewController.storyboard; sourceTree = "<group>"; };
		DBFD30E61E7285450042F28A /* DMLocationService.swift */ = {isa = PBXFileReference; fileEncoding = 4; lastKnownFileType = sourcecode.swift; path = DMLocationService.swift; sourceTree = "<group>"; };
		DBFD30E81E7285C00042F28A /* CoreLocation.framework */ = {isa = PBXFileReference; lastKnownFileType = wrapper.framework; name = CoreLocation.framework; path = System/Library/Frameworks/CoreLocation.framework; sourceTree = SDKROOT; };
		DBFD30EC1E728A050042F28A /* CLLocationManager+Rx.swift */ = {isa = PBXFileReference; fileEncoding = 4; lastKnownFileType = sourcecode.swift; path = "CLLocationManager+Rx.swift"; sourceTree = "<group>"; };
		DBFD30ED1E728A050042F28A /* RxCLLocationManagerDelegateProxy.swift */ = {isa = PBXFileReference; fileEncoding = 4; lastKnownFileType = sourcecode.swift; path = RxCLLocationManagerDelegateProxy.swift; sourceTree = "<group>"; };
		DBFD30F01E72B2590042F28A /* DMAlert.swift */ = {isa = PBXFileReference; fileEncoding = 4; lastKnownFileType = sourcecode.swift; path = DMAlert.swift; sourceTree = "<group>"; };
/* End PBXFileReference section */

/* Begin PBXFrameworksBuildPhase section */
		DB8CA9711E6E9053005DE3C1 /* Frameworks */ = {
			isa = PBXFrameworksBuildPhase;
			buildActionMask = 2147483647;
			files = (
				DBFD30E91E7285C00042F28A /* CoreLocation.framework in Frameworks */,
				8EE8FBDD966F777FA5DA6AA9 /* Pods_testRXLogin.framework in Frameworks */,
			);
			runOnlyForDeploymentPostprocessing = 0;
		};
/* End PBXFrameworksBuildPhase section */

/* Begin PBXGroup section */
		67134CC1F5708E0C961DEC0A /* Frameworks */ = {
			isa = PBXGroup;
			children = (
				DBFD30E81E7285C00042F28A /* CoreLocation.framework */,
				B861ECA4B0DE0CE0942D8B3F /* Pods_testRXLogin.framework */,
			);
			name = Frameworks;
			sourceTree = "<group>";
		};
		C46738B5C87B472D53A9136C /* Pods */ = {
			isa = PBXGroup;
			children = (
				53127C1546A3DA26A97E75EF /* Pods-testRXLogin.debug.xcconfig */,
				2373319AF66B37107E5976B6 /* Pods-testRXLogin.release.xcconfig */,
			);
			name = Pods;
			sourceTree = "<group>";
		};
		DB0F4F0D1E79404E00F1D1A5 /* tableview2 */ = {
			isa = PBXGroup;
			children = (
				DB0F4F0E1E79404E00F1D1A5 /* controller */,
				DB0F4F0F1E79404E00F1D1A5 /* service */,
			);
			path = tableview2;
			sourceTree = "<group>";
		};
		DB0F4F0E1E79404E00F1D1A5 /* controller */ = {
			isa = PBXGroup;
			children = (
				DB0F4F101E79408900F1D1A5 /* DMTableViewController2.swift */,
				DB0F4F121E79409E00F1D1A5 /* DMTableViewController2.storyboard */,
			);
			path = controller;
			sourceTree = "<group>";
		};
		DB0F4F0F1E79404E00F1D1A5 /* service */ = {
			isa = PBXGroup;
			children = (
				DB0F4F341E7945B000F1D1A5 /* Optional+Extensions.swift */,
				DB0F4F301E79455500F1D1A5 /* Changeset.swift */,
				DB0F4F2E1E79453A00F1D1A5 /* DataSources.swift */,
				DB0F4F2C1E79452300F1D1A5 /* Differentiator.swift */,
				DB0F4F2A1E7944E500F1D1A5 /* AnimationConfiguration.swift */,
				DB0F4F281E7944A800F1D1A5 /* ItemPath.swift */,
				DB0F4F261E79449700F1D1A5 /* AnimatableSectionModel.swift */,
				DB0F4F241E79448C00F1D1A5 /* AnimatableSectionModelType+ItemPath.swift */,
				DB0F4F221E79443D00F1D1A5 /* IdentifiableType.swift */,
				DB0F4F201E79441B00F1D1A5 /* AnimatableSectionModelType.swift */,
				DB0F4F1E1E7943F900F1D1A5 /* Array+Extensions.swift */,
				DB0F4F1C1E79439000F1D1A5 /* SectionModel.swift */,
				DB0F4F1A1E79438200F1D1A5 /* SectionModelType.swift */,
				DB0F4F161E79435800F1D1A5 /* RxTableViewSectionedAnimatedDataSource.swift */,
				DB0F4F171E79435800F1D1A5 /* RxTableViewSectionedReloadDataSource.swift */,
				DB0F4F141E79433B00F1D1A5 /* TableViewSectionedDataSource.swift */,
				DB0F4F321E79457600F1D1A5 /* UI+SectionedViewType.swift */,
			);
			path = service;
			sourceTree = "<group>";
		};
		DB0F4F441E82634000F1D1A5 /* tableview3 */ = {
			isa = PBXGroup;
			children = (
				DB278C281E827D4C00326881 /* viewmodel */,
				DB0F4F461E82636A00F1D1A5 /* service */,
				DB0F4F451E82635E00F1D1A5 /* controller */,
			);
			path = tableview3;
			sourceTree = "<group>";
		};
		DB0F4F451E82635E00F1D1A5 /* controller */ = {
			isa = PBXGroup;
			children = (
				DB0F4F471E8263A200F1D1A5 /* DMTableViewController3.swift */,
				DB0F4F491E8263B400F1D1A5 /* DMTableViewController3.storyboard */,
				DB278C2D1E8287A700326881 /* DMTableViewCell3.swift */,
				DB278C2E1E8287A700326881 /* DMTableViewCell3.xib */,
			);
			path = controller;
			sourceTree = "<group>";
		};
		DB0F4F461E82636A00F1D1A5 /* service */ = {
			isa = PBXGroup;
			children = (
				DB278C2B1E827DA900326881 /* DMService3.swift */,
			);
			path = service;
			sourceTree = "<group>";
		};
		DB278C281E827D4C00326881 /* viewmodel */ = {
			isa = PBXGroup;
			children = (
				DB278C291E827D7A00326881 /* DMViewModel3.swift */,
			);
			path = viewmodel;
			sourceTree = "<group>";
		};
		DB8CA96B1E6E9053005DE3C1 = {
			isa = PBXGroup;
			children = (
				DB8CA9761E6E9053005DE3C1 /* testRXLogin */,
				DB8CA9751E6E9053005DE3C1 /* Products */,
				C46738B5C87B472D53A9136C /* Pods */,
				67134CC1F5708E0C961DEC0A /* Frameworks */,
			);
			sourceTree = "<group>";
		};
		DB8CA9751E6E9053005DE3C1 /* Products */ = {
			isa = PBXGroup;
			children = (
				DB8CA9741E6E9053005DE3C1 /* testRXLogin.app */,
			);
			name = Products;
			sourceTree = "<group>";
		};
		DB8CA9761E6E9053005DE3C1 /* testRXLogin */ = {
			isa = PBXGroup;
			children = (
				DBD7B5611E88ED2A009140A0 /* imagePicker */,
				DB0F4F441E82634000F1D1A5 /* tableview3 */,
				DB0F4F0D1E79404E00F1D1A5 /* tableview2 */,
				DBFD30DF1E72846B0042F28A /* location */,
				DBFD30D61E72467E0042F28A /* tableview */,
				DB8CA9891E6EA56E005DE3C1 /* login */,
				DB8CA9771E6E9053005DE3C1 /* AppDelegate.swift */,
				DB8CA9791E6E9053005DE3C1 /* ViewController.swift */,
				DB8CA97B1E6E9053005DE3C1 /* Main.storyboard */,
				DB8CA97E1E6E9053005DE3C1 /* Assets.xcassets */,
				DB8CA9801E6E9053005DE3C1 /* LaunchScreen.storyboard */,
				DB8CA9831E6E9053005DE3C1 /* Info.plist */,
			);
			path = testRXLogin;
			sourceTree = "<group>";
		};
		DB8CA9891E6EA56E005DE3C1 /* login */ = {
			isa = PBXGroup;
			children = (
				DB8CA9A11E6FED5E005DE3C1 /* model */,
				DB8CA98C1E6EA5AD005DE3C1 /* service */,
				DB8CA98B1E6EA59E005DE3C1 /* viewmodel */,
				DB8CA98A1E6EA582005DE3C1 /* controller */,
			);
			path = login;
			sourceTree = "<group>";
		};
		DB8CA98A1E6EA582005DE3C1 /* controller */ = {
			isa = PBXGroup;
			children = (
				DB8CA98D1E6EA5D3005DE3C1 /* DMLoginViewController.swift */,
				DB8CA98F1E6EA5EE005DE3C1 /* DMLoginViewController.storyboard */,
			);
			path = controller;
			sourceTree = "<group>";
		};
		DB8CA98B1E6EA59E005DE3C1 /* viewmodel */ = {
			isa = PBXGroup;
			children = (
				DB8CA9911E6EAADA005DE3C1 /* DMLoginViewModel.swift */,
				DB8CA9951E6EAB66005DE3C1 /* DMLoginResult.swift */,
			);
			path = viewmodel;
			sourceTree = "<group>";
		};
		DB8CA98C1E6EA5AD005DE3C1 /* service */ = {
			isa = PBXGroup;
			children = (
				DB8CA9931E6EAB4B005DE3C1 /* DMLoginService.swift */,
				DB8CA9971E6EAF8E005DE3C1 /* DMLoginProtocols.swift */,
				DB8CA9991E6FD96A005DE3C1 /* DMLoginHttp.swift */,
				DB64E30F1E766FA30007368E /* DMDeployProvider.swift */,
				DB64E3111E7672190007368E /* DMMoyaHttpErrorHandlePlugin.swift */,
				DB64E3131E7677650007368E /* DMCache.swift */,
			);
			path = service;
			sourceTree = "<group>";
		};
		DB8CA9A11E6FED5E005DE3C1 /* model */ = {
			isa = PBXGroup;
			children = (
				DB8CA9A21E6FEDA4005DE3C1 /* DMUser.swift */,
			);
			path = model;
			sourceTree = "<group>";
		};
		DBD7B5611E88ED2A009140A0 /* imagePicker */ = {
			isa = PBXGroup;
			children = (
				DBD7B5631E88ED47009140A0 /* service */,
				DBD7B5621E88ED3A009140A0 /* controller */,
			);
			path = imagePicker;
			sourceTree = "<group>";
		};
		DBD7B5621E88ED3A009140A0 /* controller */ = {
			isa = PBXGroup;
			children = (
				DBD7B5641E88ED67009140A0 /* DMImagePickerViewController.swift */,
				DBD7B5661E88ED76009140A0 /* DMImagePickerViewController.storyboard */,
			);
			path = controller;
			sourceTree = "<group>";
		};
		DBD7B5631E88ED47009140A0 /* service */ = {
			isa = PBXGroup;
			children = (
				DBD7B56A1E88F385009140A0 /* RxImagePickerDelegateProxy.swift */,
				DBD7B56B1E88F385009140A0 /* UIImagePickerController+Rx.swift */,
				DBD7B5681E88F35D009140A0 /* UIImagePickerController+RxCreate.swift */,
			);
			path = service;
			sourceTree = "<group>";
		};
		DBFD30D61E72467E0042F28A /* tableview */ = {
			isa = PBXGroup;
			children = (
				DBFD30DA1E7248D10042F28A /* model */,
				DBFD30D91E7248CC0042F28A /* service */,
				DBFD30D81E7248C20042F28A /* viewmodel */,
				DBFD30D71E7248BB0042F28A /* controller */,
			);
			path = tableview;
			sourceTree = "<group>";
		};
		DBFD30D71E7248BB0042F28A /* controller */ = {
			isa = PBXGroup;
			children = (
				DBFD30DB1E724CA80042F28A /* DMTableViewController.swift */,
				DBFD30DD1E724CB00042F28A /* DMTableViewController.storyboard */,
			);
			path = controller;
			sourceTree = "<group>";
		};
		DBFD30D81E7248C20042F28A /* viewmodel */ = {
			isa = PBXGroup;
			children = (
			);
			path = viewmodel;
			sourceTree = "<group>";
		};
		DBFD30D91E7248CC0042F28A /* service */ = {
			isa = PBXGroup;
			children = (
				DBFD30F01E72B2590042F28A /* DMAlert.swift */,
			);
			path = service;
			sourceTree = "<group>";
		};
		DBFD30DA1E7248D10042F28A /* model */ = {
			isa = PBXGroup;
			children = (
			);
			path = model;
			sourceTree = "<group>";
		};
		DBFD30DF1E72846B0042F28A /* location */ = {
			isa = PBXGroup;
			children = (
				DBFD30E11E7284910042F28A /* service */,
				DBFD30E01E72848A0042F28A /* controller */,
			);
			path = location;
			sourceTree = "<group>";
		};
		DBFD30E01E72848A0042F28A /* controller */ = {
			isa = PBXGroup;
			children = (
				DBFD30E21E7284B70042F28A /* DMLocationViewController.swift */,
				DBFD30E41E7284C60042F28A /* DMLocationViewController.storyboard */,
			);
			path = controller;
			sourceTree = "<group>";
		};
		DBFD30E11E7284910042F28A /* service */ = {
			isa = PBXGroup;
			children = (
				DBFD30EC1E728A050042F28A /* CLLocationManager+Rx.swift */,
				DBFD30ED1E728A050042F28A /* RxCLLocationManagerDelegateProxy.swift */,
				DBFD30E61E7285450042F28A /* DMLocationService.swift */,
			);
			path = service;
			sourceTree = "<group>";
		};
/* End PBXGroup section */

/* Begin PBXNativeTarget section */
		DB8CA9731E6E9053005DE3C1 /* testRXLogin */ = {
			isa = PBXNativeTarget;
			buildConfigurationList = DB8CA9861E6E9053005DE3C1 /* Build configuration list for PBXNativeTarget "testRXLogin" */;
			buildPhases = (
				B8F1B88ED041EF47DAB7011E /* [CP] Check Pods Manifest.lock */,
				DB8CA9701E6E9053005DE3C1 /* Sources */,
				DB8CA9711E6E9053005DE3C1 /* Frameworks */,
				DB8CA9721E6E9053005DE3C1 /* Resources */,
				5777111B8F6EC2DEEF434E02 /* [CP] Embed Pods Frameworks */,
				93DE6A49FE11C2299DB48229 /* [CP] Copy Pods Resources */,
			);
			buildRules = (
			);
			dependencies = (
			);
			name = testRXLogin;
			productName = testRXLogin;
			productReference = DB8CA9741E6E9053005DE3C1 /* testRXLogin.app */;
			productType = "com.apple.product-type.application";
		};
/* End PBXNativeTarget section */

/* Begin PBXProject section */
		DB8CA96C1E6E9053005DE3C1 /* Project object */ = {
			isa = PBXProject;
			attributes = {
				LastSwiftUpdateCheck = 0820;
				LastUpgradeCheck = 0820;
				ORGANIZATIONNAME = isoftstone;
				TargetAttributes = {
					DB8CA9731E6E9053005DE3C1 = {
						CreatedOnToolsVersion = 8.2;
						DevelopmentTeam = D4D6AYNVN5;
						ProvisioningStyle = Automatic;
					};
				};
			};
			buildConfigurationList = DB8CA96F1E6E9053005DE3C1 /* Build configuration list for PBXProject "testRXLogin" */;
			compatibilityVersion = "Xcode 3.2";
			developmentRegion = English;
			hasScannedForEncodings = 0;
			knownRegions = (
				en,
				Base,
			);
			mainGroup = DB8CA96B1E6E9053005DE3C1;
			productRefGroup = DB8CA9751E6E9053005DE3C1 /* Products */;
			projectDirPath = "";
			projectRoot = "";
			targets = (
				DB8CA9731E6E9053005DE3C1 /* testRXLogin */,
			);
		};
/* End PBXProject section */

/* Begin PBXResourcesBuildPhase section */
		DB8CA9721E6E9053005DE3C1 /* Resources */ = {
			isa = PBXResourcesBuildPhase;
			buildActionMask = 2147483647;
			files = (
				DB0F4F131E79409E00F1D1A5 /* DMTableViewController2.storyboard in Resources */,
				DB0F4F4A1E8263B400F1D1A5 /* DMTableViewController3.storyboard in Resources */,
				DB8CA9901E6EA5EE005DE3C1 /* DMLoginViewController.storyboard in Resources */,
				DBFD30E51E7284C60042F28A /* DMLocationViewController.storyboard in Resources */,
				DBD7B5671E88ED76009140A0 /* DMImagePickerViewController.storyboard in Resources */,
				DB8CA9821E6E9053005DE3C1 /* LaunchScreen.storyboard in Resources */,
				DB278C301E8287A700326881 /* DMTableViewCell3.xib in Resources */,
				DB8CA97F1E6E9053005DE3C1 /* Assets.xcassets in Resources */,
				DBFD30DE1E724CB00042F28A /* DMTableViewController.storyboard in Resources */,
				DB8CA97D1E6E9053005DE3C1 /* Main.storyboard in Resources */,
			);
			runOnlyForDeploymentPostprocessing = 0;
		};
/* End PBXResourcesBuildPhase section */

/* Begin PBXShellScriptBuildPhase section */
		5777111B8F6EC2DEEF434E02 /* [CP] Embed Pods Frameworks */ = {
			isa = PBXShellScriptBuildPhase;
			buildActionMask = 2147483647;
			files = (
			);
			inputPaths = (
			);
			name = "[CP] Embed Pods Frameworks";
			outputPaths = (
			);
			runOnlyForDeploymentPostprocessing = 0;
			shellPath = /bin/sh;
			shellScript = "\"${SRCROOT}/Pods/Target Support Files/Pods-testRXLogin/Pods-testRXLogin-frameworks.sh\"\n";
			showEnvVarsInLog = 0;
		};
		93DE6A49FE11C2299DB48229 /* [CP] Copy Pods Resources */ = {
			isa = PBXShellScriptBuildPhase;
			buildActionMask = 2147483647;
			files = (
			);
			inputPaths = (
			);
			name = "[CP] Copy Pods Resources";
			outputPaths = (
			);
			runOnlyForDeploymentPostprocessing = 0;
			shellPath = /bin/sh;
			shellScript = "\"${SRCROOT}/Pods/Target Support Files/Pods-testRXLogin/Pods-testRXLogin-resources.sh\"\n";
			showEnvVarsInLog = 0;
		};
		B8F1B88ED041EF47DAB7011E /* [CP] Check Pods Manifest.lock */ = {
			isa = PBXShellScriptBuildPhase;
			buildActionMask = 2147483647;
			files = (
			);
			inputPaths = (
			);
			name = "[CP] Check Pods Manifest.lock";
			outputPaths = (
			);
			runOnlyForDeploymentPostprocessing = 0;
			shellPath = /bin/sh;
			shellScript = "diff \"${PODS_ROOT}/../Podfile.lock\" \"${PODS_ROOT}/Manifest.lock\" > /dev/null\nif [ $? != 0 ] ; then\n    # print error to STDERR\n    echo \"error: The sandbox is not in sync with the Podfile.lock. Run 'pod install' or update your CocoaPods installation.\" >&2\n    exit 1\nfi\n";
			showEnvVarsInLog = 0;
		};
/* End PBXShellScriptBuildPhase section */

/* Begin PBXSourcesBuildPhase section */
		DB8CA9701E6E9053005DE3C1 /* Sources */ = {
			isa = PBXSourcesBuildPhase;
			buildActionMask = 2147483647;
			files = (
				DB0F4F271E79449700F1D1A5 /* AnimatableSectionModel.swift in Sources */,
				DB0F4F191E79435800F1D1A5 /* RxTableViewSectionedReloadDataSource.swift in Sources */,
				DB8CA97A1E6E9053005DE3C1 /* ViewController.swift in Sources */,
				DB0F4F2B1E7944E500F1D1A5 /* AnimationConfiguration.swift in Sources */,
				DB0F4F2F1E79453A00F1D1A5 /* DataSources.swift in Sources */,
				DB8CA9961E6EAB66005DE3C1 /* DMLoginResult.swift in Sources */,
				DB0F4F311E79455500F1D1A5 /* Changeset.swift in Sources */,
				DB0F4F2D1E79452300F1D1A5 /* Differentiator.swift in Sources */,
				DB8CA98E1E6EA5D3005DE3C1 /* DMLoginViewController.swift in Sources */,
				DBD7B5651E88ED67009140A0 /* DMImagePickerViewController.swift in Sources */,
				DB0F4F211E79441B00F1D1A5 /* AnimatableSectionModelType.swift in Sources */,
				DB8CA9981E6EAF8E005DE3C1 /* DMLoginProtocols.swift in Sources */,
				DB8CA9781E6E9053005DE3C1 /* AppDelegate.swift in Sources */,
				DB278C2C1E827DA900326881 /* DMService3.swift in Sources */,
				DB0F4F1F1E7943F900F1D1A5 /* Array+Extensions.swift in Sources */,
				DB0F4F331E79457600F1D1A5 /* UI+SectionedViewType.swift in Sources */,
				DBFD30E71E7285450042F28A /* DMLocationService.swift in Sources */,
				DB278C2F1E8287A700326881 /* DMTableViewCell3.swift in Sources */,
				DB8CA9921E6EAADA005DE3C1 /* DMLoginViewModel.swift in Sources */,
				DB8CA99A1E6FD96A005DE3C1 /* DMLoginHttp.swift in Sources */,
				DB8CA9941E6EAB4B005DE3C1 /* DMLoginService.swift in Sources */,
				DB0F4F231E79443D00F1D1A5 /* IdentifiableType.swift in Sources */,
				DB0F4F251E79448C00F1D1A5 /* AnimatableSectionModelType+ItemPath.swift in Sources */,
				DBFD30DC1E724CA80042F28A /* DMTableViewController.swift in Sources */,
				DB0F4F481E8263A200F1D1A5 /* DMTableViewController3.swift in Sources */,
				DB0F4F1D1E79439000F1D1A5 /* SectionModel.swift in Sources */,
				DBD7B56D1E88F385009140A0 /* UIImagePickerController+Rx.swift in Sources */,
				DB64E3121E7672190007368E /* DMMoyaHttpErrorHandlePlugin.swift in Sources */,
				DB64E3101E766FA30007368E /* DMDeployProvider.swift in Sources */,
				DBD7B56C1E88F385009140A0 /* RxImagePickerDelegateProxy.swift in Sources */,
				DB8CA9A31E6FEDA4005DE3C1 /* DMUser.swift in Sources */,
				DB0F4F351E7945B000F1D1A5 /* Optional+Extensions.swift in Sources */,
				DB278C2A1E827D7A00326881 /* DMViewModel3.swift in Sources */,
				DB0F4F151E79433B00F1D1A5 /* TableViewSectionedDataSource.swift in Sources */,
				DB0F4F291E7944A800F1D1A5 /* ItemPath.swift in Sources */,
				DBD7B5691E88F35D009140A0 /* UIImagePickerController+RxCreate.swift in Sources */,
				DBFD30EF1E728A050042F28A /* RxCLLocationManagerDelegateProxy.swift in Sources */,
				DBFD30F11E72B2590042F28A /* DMAlert.swift in Sources */,
				DB64E3141E7677650007368E /* DMCache.swift in Sources */,
				DB0F4F1B1E79438200F1D1A5 /* SectionModelType.swift in Sources */,
				DB0F4F111E79408900F1D1A5 /* DMTableViewController2.swift in Sources */,
				DB0F4F181E79435800F1D1A5 /* RxTableViewSectionedAnimatedDataSource.swift in Sources */,
				DBFD30EE1E728A050042F28A /* CLLocationManager+Rx.swift in Sources */,
				DBFD30E31E7284B70042F28A /* DMLocationViewController.swift in Sources */,
			);
			runOnlyForDeploymentPostprocessing = 0;
		};
/* End PBXSourcesBuildPhase section */

/* Begin PBXVariantGroup section */
		DB8CA97B1E6E9053005DE3C1 /* Main.storyboard */ = {
			isa = PBXVariantGroup;
			children = (
				DB8CA97C1E6E9053005DE3C1 /* Base */,
			);
			name = Main.storyboard;
			sourceTree = "<group>";
		};
		DB8CA9801E6E9053005DE3C1 /* LaunchScreen.storyboard */ = {
			isa = PBXVariantGroup;
			children = (
				DB8CA9811E6E9053005DE3C1 /* Base */,
			);
			name = LaunchScreen.storyboard;
			sourceTree = "<group>";
		};
/* End PBXVariantGroup section */

/* Begin XCBuildConfiguration section */
		DB8CA9841E6E9053005DE3C1 /* Debug */ = {
			isa = XCBuildConfiguration;
			buildSettings = {
				ALWAYS_SEARCH_USER_PATHS = NO;
				CLANG_ANALYZER_NONNULL = YES;
				CLANG_CXX_LANGUAGE_STANDARD = "gnu++0x";
				CLANG_CXX_LIBRARY = "libc++";
				CLANG_ENABLE_MODULES = YES;
				CLANG_ENABLE_OBJC_ARC = YES;
				CLANG_WARN_BOOL_CONVERSION = YES;
				CLANG_WARN_CONSTANT_CONVERSION = YES;
				CLANG_WARN_DIRECT_OBJC_ISA_USAGE = YES_ERROR;
				CLANG_WARN_DOCUMENTATION_COMMENTS = YES;
				CLANG_WARN_EMPTY_BODY = YES;
				CLANG_WARN_ENUM_CONVERSION = YES;
				CLANG_WARN_INFINITE_RECURSION = YES;
				CLANG_WARN_INT_CONVERSION = YES;
				CLANG_WARN_OBJC_ROOT_CLASS = YES_ERROR;
				CLANG_WARN_SUSPICIOUS_MOVE = YES;
				CLANG_WARN_UNREACHABLE_CODE = YES;
				CLANG_WARN__DUPLICATE_METHOD_MATCH = YES;
				"CODE_SIGN_IDENTITY[sdk=iphoneos*]" = "iPhone Developer";
				COPY_PHASE_STRIP = NO;
				DEBUG_INFORMATION_FORMAT = dwarf;
				ENABLE_STRICT_OBJC_MSGSEND = YES;
				ENABLE_TESTABILITY = YES;
				GCC_C_LANGUAGE_STANDARD = gnu99;
				GCC_DYNAMIC_NO_PIC = NO;
				GCC_NO_COMMON_BLOCKS = YES;
				GCC_OPTIMIZATION_LEVEL = 0;
				GCC_PREPROCESSOR_DEFINITIONS = (
					"DEBUG=1",
					"$(inherited)",
				);
				GCC_WARN_64_TO_32_BIT_CONVERSION = YES;
				GCC_WARN_ABOUT_RETURN_TYPE = YES_ERROR;
				GCC_WARN_UNDECLARED_SELECTOR = YES;
				GCC_WARN_UNINITIALIZED_AUTOS = YES_AGGRESSIVE;
				GCC_WARN_UNUSED_FUNCTION = YES;
				GCC_WARN_UNUSED_VARIABLE = YES;
				IPHONEOS_DEPLOYMENT_TARGET = 10.2;
				MTL_ENABLE_DEBUG_INFO = YES;
				ONLY_ACTIVE_ARCH = YES;
				SDKROOT = iphoneos;
				SWIFT_ACTIVE_COMPILATION_CONDITIONS = DEBUG;
				SWIFT_OPTIMIZATION_LEVEL = "-Onone";
			};
			name = Debug;
		};
		DB8CA9851E6E9053005DE3C1 /* Release */ = {
			isa = XCBuildConfiguration;
			buildSettings = {
				ALWAYS_SEARCH_USER_PATHS = NO;
				CLANG_ANALYZER_NONNULL = YES;
				CLANG_CXX_LANGUAGE_STANDARD = "gnu++0x";
				CLANG_CXX_LIBRARY = "libc++";
				CLANG_ENABLE_MODULES = YES;
				CLANG_ENABLE_OBJC_ARC = YES;
				CLANG_WARN_BOOL_CONVERSION = YES;
				CLANG_WARN_CONSTANT_CONVERSION = YES;
				CLANG_WARN_DIRECT_OBJC_ISA_USAGE = YES_ERROR;
				CLANG_WARN_DOCUMENTATION_COMMENTS = YES;
				CLANG_WARN_EMPTY_BODY = YES;
				CLANG_WARN_ENUM_CONVERSION = YES;
				CLANG_WARN_INFINITE_RECURSION = YES;
				CLANG_WARN_INT_CONVERSION = YES;
				CLANG_WARN_OBJC_ROOT_CLASS = YES_ERROR;
				CLANG_WARN_SUSPICIOUS_MOVE = YES;
				CLANG_WARN_UNREACHABLE_CODE = YES;
				CLANG_WARN__DUPLICATE_METHOD_MATCH = YES;
				"CODE_SIGN_IDENTITY[sdk=iphoneos*]" = "iPhone Developer";
				COPY_PHASE_STRIP = NO;
				DEBUG_INFORMATION_FORMAT = "dwarf-with-dsym";
				ENABLE_NS_ASSERTIONS = NO;
				ENABLE_STRICT_OBJC_MSGSEND = YES;
				GCC_C_LANGUAGE_STANDARD = gnu99;
				GCC_NO_COMMON_BLOCKS = YES;
				GCC_WARN_64_TO_32_BIT_CONVERSION = YES;
				GCC_WARN_ABOUT_RETURN_TYPE = YES_ERROR;
				GCC_WARN_UNDECLARED_SELECTOR = YES;
				GCC_WARN_UNINITIALIZED_AUTOS = YES_AGGRESSIVE;
				GCC_WARN_UNUSED_FUNCTION = YES;
				GCC_WARN_UNUSED_VARIABLE = YES;
				IPHONEOS_DEPLOYMENT_TARGET = 10.2;
				MTL_ENABLE_DEBUG_INFO = NO;
				SDKROOT = iphoneos;
				SWIFT_OPTIMIZATION_LEVEL = "-Owholemodule";
				VALIDATE_PRODUCT = YES;
			};
			name = Release;
		};
		DB8CA9871E6E9053005DE3C1 /* Debug */ = {
			isa = XCBuildConfiguration;
			baseConfigurationReference = 53127C1546A3DA26A97E75EF /* Pods-testRXLogin.debug.xcconfig */;
			buildSettings = {
				ASSETCATALOG_COMPILER_APPICON_NAME = AppIcon;
				"CODE_SIGN_IDENTITY[sdk=iphoneos*]" = "iPhone Developer";
				DEVELOPMENT_TEAM = D4D6AYNVN5;
				INFOPLIST_FILE = testRXLogin/Info.plist;
				IPHONEOS_DEPLOYMENT_TARGET = 10.0;
				LD_RUNPATH_SEARCH_PATHS = "$(inherited) @executable_path/Frameworks";
				OTHER_SWIFT_FLAGS = "$(inherited) \"-D\" \"COCOAPODS\" -D TRACE_RESOURCES";
				PRODUCT_BUNDLE_IDENTIFIER = com.isoftstone.testRXLogin;
				PRODUCT_NAME = "$(TARGET_NAME)";
				SWIFT_VERSION = 3.0;
			};
			name = Debug;
		};
		DB8CA9881E6E9053005DE3C1 /* Release */ = {
			isa = XCBuildConfiguration;
			baseConfigurationReference = 2373319AF66B37107E5976B6 /* Pods-testRXLogin.release.xcconfig */;
			buildSettings = {
				ASSETCATALOG_COMPILER_APPICON_NAME = AppIcon;
				"CODE_SIGN_IDENTITY[sdk=iphoneos*]" = "iPhone Developer";
				DEVELOPMENT_TEAM = D4D6AYNVN5;
				INFOPLIST_FILE = testRXLogin/Info.plist;
				IPHONEOS_DEPLOYMENT_TARGET = 10.0;
				LD_RUNPATH_SEARCH_PATHS = "$(inherited) @executable_path/Frameworks";
				OTHER_SWIFT_FLAGS = "$(inherited) \"-D\" \"COCOAPODS\"";
				PRODUCT_BUNDLE_IDENTIFIER = com.isoftstone.testRXLogin;
				PRODUCT_NAME = "$(TARGET_NAME)";
				SWIFT_VERSION = 3.0;
			};
			name = Release;
		};
/* End XCBuildConfiguration section */

/* Begin XCConfigurationList section */
		DB8CA96F1E6E9053005DE3C1 /* Build configuration list for PBXProject "testRXLogin" */ = {
			isa = XCConfigurationList;
			buildConfigurations = (
				DB8CA9841E6E9053005DE3C1 /* Debug */,
				DB8CA9851E6E9053005DE3C1 /* Release */,
			);
			defaultConfigurationIsVisible = 0;
			defaultConfigurationName = Release;
		};
		DB8CA9861E6E9053005DE3C1 /* Build configuration list for PBXNativeTarget "testRXLogin" */ = {
			isa = XCConfigurationList;
			buildConfigurations = (
				DB8CA9871E6E9053005DE3C1 /* Debug */,
				DB8CA9881E6E9053005DE3C1 /* Release */,
			);
			defaultConfigurationIsVisible = 0;
			defaultConfigurationName = Release;
		};
/* End XCConfigurationList section */
	};
	rootObject = DB8CA96C1E6E9053005DE3C1 /* Project object */;
}
